// !$*UTF8*$!
{
	archiveVersion = 1;
	classes = {
	};
	objectVersion = 56;
	objects = {

/* Begin PBXBuildFile section */
		CC9F48F42BA72F440086E6DB /* ClipmanApp.swift in Sources */ = {isa = PBXBuildFile; fileRef = CC9F48F32BA72F440086E6DB /* ClipmanApp.swift */; };
		CC9F48F82BA72F450086E6DB /* Assets.xcassets in Resources */ = {isa = PBXBuildFile; fileRef = CC9F48F72BA72F450086E6DB /* Assets.xcassets */; };
		CC9F48FB2BA72F450086E6DB /* Preview Assets.xcassets in Resources */ = {isa = PBXBuildFile; fileRef = CC9F48FA2BA72F450086E6DB /* Preview Assets.xcassets */; };
		CC9F49032BA72F7F0086E6DB /* PasteboardWatcher.swift in Sources */ = {isa = PBXBuildFile; fileRef = CC9F49022BA72F7F0086E6DB /* PasteboardWatcher.swift */; };
		CC9F49062BA823CD0086E6DB /* LaunchAtLogin in Frameworks */ = {isa = PBXBuildFile; productRef = CC9F49052BA823CD0086E6DB /* LaunchAtLogin */; };
		CC9F49082BA837D40086E6DB /* AboutView.swift in Sources */ = {isa = PBXBuildFile; fileRef = CC9F49072BA837D40086E6DB /* AboutView.swift */; };
		CC9F490A2BA84B780086E6DB /* MenuView.swift in Sources */ = {isa = PBXBuildFile; fileRef = CC9F49092BA84B780086E6DB /* MenuView.swift */; };
/* End PBXBuildFile section */

/* Begin PBXFileReference section */
		CC9F48F02BA72F440086E6DB /* Clipman.app */ = {isa = PBXFileReference; explicitFileType = wrapper.application; includeInIndex = 0; path = Clipman.app; sourceTree = BUILT_PRODUCTS_DIR; };
		CC9F48F32BA72F440086E6DB /* ClipmanApp.swift */ = {isa = PBXFileReference; lastKnownFileType = sourcecode.swift; path = ClipmanApp.swift; sourceTree = "<group>"; };
		CC9F48F72BA72F450086E6DB /* Assets.xcassets */ = {isa = PBXFileReference; lastKnownFileType = folder.assetcatalog; path = Assets.xcassets; sourceTree = "<group>"; };
		CC9F48FA2BA72F450086E6DB /* Preview Assets.xcassets */ = {isa = PBXFileReference; lastKnownFileType = folder.assetcatalog; path = "Preview Assets.xcassets"; sourceTree = "<group>"; };
		CC9F48FC2BA72F450086E6DB /* Clipman.entitlements */ = {isa = PBXFileReference; lastKnownFileType = text.plist.entitlements; path = Clipman.entitlements; sourceTree = "<group>"; };
		CC9F49022BA72F7F0086E6DB /* PasteboardWatcher.swift */ = {isa = PBXFileReference; lastKnownFileType = sourcecode.swift; path = PasteboardWatcher.swift; sourceTree = "<group>"; };
		CC9F49072BA837D40086E6DB /* AboutView.swift */ = {isa = PBXFileReference; lastKnownFileType = sourcecode.swift; path = AboutView.swift; sourceTree = "<group>"; };
		CC9F49092BA84B780086E6DB /* MenuView.swift */ = {isa = PBXFileReference; lastKnownFileType = sourcecode.swift; path = MenuView.swift; sourceTree = "<group>"; };
/* End PBXFileReference section */

/* Begin PBXFrameworksBuildPhase section */
		CC9F48ED2BA72F440086E6DB /* Frameworks */ = {
			isa = PBXFrameworksBuildPhase;
			buildActionMask = 2147483647;
			files = (
				CC9F49062BA823CD0086E6DB /* LaunchAtLogin in Frameworks */,
			);
			runOnlyForDeploymentPostprocessing = 0;
		};
/* End PBXFrameworksBuildPhase section */

/* Begin PBXGroup section */
		CC9F48E72BA72F440086E6DB = {
			isa = PBXGroup;
			children = (
				CC9F48F22BA72F440086E6DB /* Clipman */,
				CC9F48F12BA72F440086E6DB /* Products */,
			);
			sourceTree = "<group>";
		};
		CC9F48F12BA72F440086E6DB /* Products */ = {
			isa = PBXGroup;
			children = (
				CC9F48F02BA72F440086E6DB /* Clipman.app */,
			);
			name = Products;
			sourceTree = "<group>";
		};
		CC9F48F22BA72F440086E6DB /* Clipman */ = {
			isa = PBXGroup;
			children = (
				CC9F48F32BA72F440086E6DB /* ClipmanApp.swift */,
				CC9F48F72BA72F450086E6DB /* Assets.xcassets */,
				CC9F48FC2BA72F450086E6DB /* Clipman.entitlements */,
				CC9F48F92BA72F450086E6DB /* Preview Content */,
				CC9F49022BA72F7F0086E6DB /* PasteboardWatcher.swift */,
				CC9F49072BA837D40086E6DB /* AboutView.swift */,
				CC9F49092BA84B780086E6DB /* MenuView.swift */,
			);
			path = Clipman;
			sourceTree = "<group>";
		};
		CC9F48F92BA72F450086E6DB /* Preview Content */ = {
			isa = PBXGroup;
			children = (
				CC9F48FA2BA72F450086E6DB /* Preview Assets.xcassets */,
			);
			path = "Preview Content";
			sourceTree = "<group>";
		};
/* End PBXGroup section */

/* Begin PBXNativeTarget section */
		CC9F48EF2BA72F440086E6DB /* Clipman */ = {
			isa = PBXNativeTarget;
			buildConfigurationList = CC9F48FF2BA72F450086E6DB /* Build configuration list for PBXNativeTarget "Clipman" */;
			buildPhases = (
				CC9F48EC2BA72F440086E6DB /* Sources */,
				CC9F48ED2BA72F440086E6DB /* Frameworks */,
				CC9F48EE2BA72F440086E6DB /* Resources */,
			);
			buildRules = (
			);
			dependencies = (
			);
			name = Clipman;
			packageProductDependencies = (
				CC9F49052BA823CD0086E6DB /* LaunchAtLogin */,
			);
			productName = Clipman;
			productReference = CC9F48F02BA72F440086E6DB /* Clipman.app */;
			productType = "com.apple.product-type.application";
		};
/* End PBXNativeTarget section */

/* Begin PBXProject section */
		CC9F48E82BA72F440086E6DB /* Project object */ = {
			isa = PBXProject;
			attributes = {
				BuildIndependentTargetsInParallel = 1;
				LastSwiftUpdateCheck = 1530;
				LastUpgradeCheck = 1530;
				TargetAttributes = {
					CC9F48EF2BA72F440086E6DB = {
						CreatedOnToolsVersion = 15.3;
					};
				};
			};
			buildConfigurationList = CC9F48EB2BA72F440086E6DB /* Build configuration list for PBXProject "Clipman" */;
			compatibilityVersion = "Xcode 14.0";
			developmentRegion = en;
			hasScannedForEncodings = 0;
			knownRegions = (
				en,
				Base,
			);
			mainGroup = CC9F48E72BA72F440086E6DB;
			packageReferences = (
				CC9F49042BA823CD0086E6DB /* XCRemoteSwiftPackageReference "LaunchAtLogin-Modern" */,
			);
			productRefGroup = CC9F48F12BA72F440086E6DB /* Products */;
			projectDirPath = "";
			projectRoot = "";
			targets = (
				CC9F48EF2BA72F440086E6DB /* Clipman */,
			);
		};
/* End PBXProject section */

/* Begin PBXResourcesBuildPhase section */
		CC9F48EE2BA72F440086E6DB /* Resources */ = {
			isa = PBXResourcesBuildPhase;
			buildActionMask = 2147483647;
			files = (
				CC9F48FB2BA72F450086E6DB /* Preview Assets.xcassets in Resources */,
				CC9F48F82BA72F450086E6DB /* Assets.xcassets in Resources */,
			);
			runOnlyForDeploymentPostprocessing = 0;
		};
/* End PBXResourcesBuildPhase section */

/* Begin PBXSourcesBuildPhase section */
		CC9F48EC2BA72F440086E6DB /* Sources */ = {
			isa = PBXSourcesBuildPhase;
			buildActionMask = 2147483647;
			files = (
				CC9F49082BA837D40086E6DB /* AboutView.swift in Sources */,
				CC9F490A2BA84B780086E6DB /* MenuView.swift in Sources */,
				CC9F49032BA72F7F0086E6DB /* PasteboardWatcher.swift in Sources */,
				CC9F48F42BA72F440086E6DB /* ClipmanApp.swift in Sources */,
			);
			runOnlyForDeploymentPostprocessing = 0;
		};
/* End PBXSourcesBuildPhase section */

/* Begin XCBuildConfiguration section */
		CC9F48FD2BA72F450086E6DB /* Debug */ = {
			isa = XCBuildConfiguration;
			buildSettings = {
				ALWAYS_SEARCH_USER_PATHS = NO;
				ASSETCATALOG_COMPILER_GENERATE_SWIFT_ASSET_SYMBOL_EXTENSIONS = YES;
				CLANG_ANALYZER_NONNULL = YES;
				CLANG_ANALYZER_NUMBER_OBJECT_CONVERSION = YES_AGGRESSIVE;
				CLANG_CXX_LANGUAGE_STANDARD = "gnu++20";
				CLANG_ENABLE_MODULES = YES;
				CLANG_ENABLE_OBJC_ARC = YES;
				CLANG_ENABLE_OBJC_WEAK = YES;
				CLANG_WARN_BLOCK_CAPTURE_AUTORELEASING = YES;
				CLANG_WARN_BOOL_CONVERSION = YES;
				CLANG_WARN_COMMA = YES;
				CLANG_WARN_CONSTANT_CONVERSION = YES;
				CLANG_WARN_DEPRECATED_OBJC_IMPLEMENTATIONS = YES;
				CLANG_WARN_DIRECT_OBJC_ISA_USAGE = YES_ERROR;
				CLANG_WARN_DOCUMENTATION_COMMENTS = YES;
				CLANG_WARN_EMPTY_BODY = YES;
				CLANG_WARN_ENUM_CONVERSION = YES;
				CLANG_WARN_INFINITE_RECURSION = YES;
				CLANG_WARN_INT_CONVERSION = YES;
				CLANG_WARN_NON_LITERAL_NULL_CONVERSION = YES;
				CLANG_WARN_OBJC_IMPLICIT_RETAIN_SELF = YES;
				CLANG_WARN_OBJC_LITERAL_CONVERSION = YES;
				CLANG_WARN_OBJC_ROOT_CLASS = YES_ERROR;
				CLANG_WARN_QUOTED_INCLUDE_IN_FRAMEWORK_HEADER = YES;
				CLANG_WARN_RANGE_LOOP_ANALYSIS = YES;
				CLANG_WARN_STRICT_PROTOTYPES = YES;
				CLANG_WARN_SUSPICIOUS_MOVE = YES;
				CLANG_WARN_UNGUARDED_AVAILABILITY = YES_AGGRESSIVE;
				CLANG_WARN_UNREACHABLE_CODE = YES;
				CLANG_WARN__DUPLICATE_METHOD_MATCH = YES;
				COPY_PHASE_STRIP = NO;
				DEBUG_INFORMATION_FORMAT = dwarf;
				ENABLE_STRICT_OBJC_MSGSEND = YES;
				ENABLE_TESTABILITY = YES;
				ENABLE_USER_SCRIPT_SANDBOXING = YES;
				GCC_C_LANGUAGE_STANDARD = gnu17;
				GCC_DYNAMIC_NO_PIC = NO;
				GCC_NO_COMMON_BLOCKS = YES;
				GCC_OPTIMIZATION_LEVEL = 0;
				GCC_PREPROCESSOR_DEFINITIONS = (
					"DEBUG=1",
					"$(inherited)",
				);
				GCC_WARN_64_TO_32_BIT_CONVERSION = YES;
				GCC_WARN_ABOUT_RETURN_TYPE = YES_ERROR;
				GCC_WARN_UNDECLARED_SELECTOR = YES;
				GCC_WARN_UNINITIALIZED_AUTOS = YES_AGGRESSIVE;
				GCC_WARN_UNUSED_FUNCTION = YES;
				GCC_WARN_UNUSED_VARIABLE = YES;
				LOCALIZATION_PREFERS_STRING_CATALOGS = YES;
				MACOSX_DEPLOYMENT_TARGET = 14.3;
				MTL_ENABLE_DEBUG_INFO = INCLUDE_SOURCE;
				MTL_FAST_MATH = YES;
				ONLY_ACTIVE_ARCH = YES;
				SDKROOT = macosx;
				SWIFT_ACTIVE_COMPILATION_CONDITIONS = "DEBUG $(inherited)";
				SWIFT_OPTIMIZATION_LEVEL = "-Onone";
			};
			name = Debug;
		};
		CC9F48FE2BA72F450086E6DB /* Release */ = {
			isa = XCBuildConfiguration;
			buildSettings = {
				ALWAYS_SEARCH_USER_PATHS = NO;
				ASSETCATALOG_COMPILER_GENERATE_SWIFT_ASSET_SYMBOL_EXTENSIONS = YES;
				CLANG_ANALYZER_NONNULL = YES;
				CLANG_ANALYZER_NUMBER_OBJECT_CONVERSION = YES_AGGRESSIVE;
				CLANG_CXX_LANGUAGE_STANDARD = "gnu++20";
				CLANG_ENABLE_MODULES = YES;
				CLANG_ENABLE_OBJC_ARC = YES;
				CLANG_ENABLE_OBJC_WEAK = YES;
				CLANG_WARN_BLOCK_CAPTURE_AUTORELEASING = YES;
				CLANG_WARN_BOOL_CONVERSION = YES;
				CLANG_WARN_COMMA = YES;
				CLANG_WARN_CONSTANT_CONVERSION = YES;
				CLANG_WARN_DEPRECATED_OBJC_IMPLEMENTATIONS = YES;
				CLANG_WARN_DIRECT_OBJC_ISA_USAGE = YES_ERROR;
				CLANG_WARN_DOCUMENTATION_COMMENTS = YES;
				CLANG_WARN_EMPTY_BODY = YES;
				CLANG_WARN_ENUM_CONVERSION = YES;
				CLANG_WARN_INFINITE_RECURSION = YES;
				CLANG_WARN_INT_CONVERSION = YES;
				CLANG_WARN_NON_LITERAL_NULL_CONVERSION = YES;
				CLANG_WARN_OBJC_IMPLICIT_RETAIN_SELF = YES;
				CLANG_WARN_OBJC_LITERAL_CONVERSION = YES;
				CLANG_WARN_OBJC_ROOT_CLASS = YES_ERROR;
				CLANG_WARN_QUOTED_INCLUDE_IN_FRAMEWORK_HEADER = YES;
				CLANG_WARN_RANGE_LOOP_ANALYSIS = YES;
				CLANG_WARN_STRICT_PROTOTYPES = YES;
				CLANG_WARN_SUSPICIOUS_MOVE = YES;
				CLANG_WARN_UNGUARDED_AVAILABILITY = YES_AGGRESSIVE;
				CLANG_WARN_UNREACHABLE_CODE = YES;
				CLANG_WARN__DUPLICATE_METHOD_MATCH = YES;
				COPY_PHASE_STRIP = NO;
				DEBUG_INFORMATION_FORMAT = "dwarf-with-dsym";
				ENABLE_NS_ASSERTIONS = NO;
				ENABLE_STRICT_OBJC_MSGSEND = YES;
				ENABLE_USER_SCRIPT_SANDBOXING = YES;
				GCC_C_LANGUAGE_STANDARD = gnu17;
				GCC_NO_COMMON_BLOCKS = YES;
				GCC_WARN_64_TO_32_BIT_CONVERSION = YES;
				GCC_WARN_ABOUT_RETURN_TYPE = YES_ERROR;
				GCC_WARN_UNDECLARED_SELECTOR = YES;
				GCC_WARN_UNINITIALIZED_AUTOS = YES_AGGRESSIVE;
				GCC_WARN_UNUSED_FUNCTION = YES;
				GCC_WARN_UNUSED_VARIABLE = YES;
				LOCALIZATION_PREFERS_STRING_CATALOGS = YES;
				MACOSX_DEPLOYMENT_TARGET = 14.3;
				MTL_ENABLE_DEBUG_INFO = NO;
				MTL_FAST_MATH = YES;
				SDKROOT = macosx;
				SWIFT_COMPILATION_MODE = wholemodule;
			};
			name = Release;
		};
		CC9F49002BA72F450086E6DB /* Debug */ = {
			isa = XCBuildConfiguration;
			buildSettings = {
				ASSETCATALOG_COMPILER_APPICON_NAME = AppIcon;
				ASSETCATALOG_COMPILER_GLOBAL_ACCENT_COLOR_NAME = AccentColor;
				CODE_SIGN_ENTITLEMENTS = Clipman/Clipman.entitlements;
				"CODE_SIGN_IDENTITY[sdk=macosx*]" = "Apple Development";
				CODE_SIGN_STYLE = Automatic;
				COMBINE_HIDPI_IMAGES = YES;
				CURRENT_PROJECT_VERSION = 1;
				DEVELOPMENT_ASSET_PATHS = "\"Clipman/Preview Content\"";
				DEVELOPMENT_TEAM = WUALY9D9G8;
				ENABLE_HARDENED_RUNTIME = YES;
				ENABLE_PREVIEWS = YES;
				GENERATE_INFOPLIST_FILE = YES;
				INFOPLIST_KEY_CFBundleDisplayName = Clipman;
				INFOPLIST_KEY_LSApplicationCategoryType = "public.app-category.utilities";
				INFOPLIST_KEY_LSUIElement = YES;
				INFOPLIST_KEY_NSHumanReadableCopyright = "";
				LD_RUNPATH_SEARCH_PATHS = (
					"$(inherited)",
					"@executable_path/../Frameworks",
				);
				MARKETING_VERSION = 1.0;
				PRODUCT_BUNDLE_IDENTIFIER = tech.501st.Clipman;
				PRODUCT_NAME = "$(TARGET_NAME)";
				SWIFT_EMIT_LOC_STRINGS = YES;
				SWIFT_VERSION = 5.0;
			};
			name = Debug;
		};
		CC9F49012BA72F450086E6DB /* Release */ = {
			isa = XCBuildConfiguration;
			buildSettings = {
				ASSETCATALOG_COMPILER_APPICON_NAME = AppIcon;
				ASSETCATALOG_COMPILER_GLOBAL_ACCENT_COLOR_NAME = AccentColor;
				CODE_SIGN_ENTITLEMENTS = Clipman/Clipman.entitlements;
				"CODE_SIGN_IDENTITY[sdk=macosx*]" = "Apple Development";
				CODE_SIGN_STYLE = Automatic;
				COMBINE_HIDPI_IMAGES = YES;
				CURRENT_PROJECT_VERSION = 1;
				DEVELOPMENT_ASSET_PATHS = "\"Clipman/Preview Content\"";
				DEVELOPMENT_TEAM = WUALY9D9G8;
				ENABLE_HARDENED_RUNTIME = YES;
				ENABLE_PREVIEWS = YES;
				GENERATE_INFOPLIST_FILE = YES;
				INFOPLIST_KEY_CFBundleDisplayName = Clipman;
				INFOPLIST_KEY_LSApplicationCategoryType = "public.app-category.utilities";
				INFOPLIST_KEY_LSUIElement = YES;
				INFOPLIST_KEY_NSHumanReadableCopyright = "";
				LD_RUNPATH_SEARCH_PATHS = (
					"$(inherited)",
					"@executable_path/../Frameworks",
				);
				MARKETING_VERSION = 1.0;
				PRODUCT_BUNDLE_IDENTIFIER = tech.501st.Clipman;
				PRODUCT_NAME = "$(TARGET_NAME)";
				SWIFT_EMIT_LOC_STRINGS = YES;
				SWIFT_VERSION = 5.0;
			};
			name = Release;
		};
/* End XCBuildConfiguration section */

/* Begin XCConfigurationList section */
		CC9F48EB2BA72F440086E6DB /* Build configuration list for PBXProject "Clipman" */ = {
			isa = XCConfigurationList;
			buildConfigurations = (
				CC9F48FD2BA72F450086E6DB /* Debug */,
				CC9F48FE2BA72F450086E6DB /* Release */,
			);
			defaultConfigurationIsVisible = 0;
			defaultConfigurationName = Release;
		};
		CC9F48FF2BA72F450086E6DB /* Build configuration list for PBXNativeTarget "Clipman" */ = {
			isa = XCConfigurationList;
			buildConfigurations = (
				CC9F49002BA72F450086E6DB /* Debug */,
				CC9F49012BA72F450086E6DB /* Release */,
			);
			defaultConfigurationIsVisible = 0;
			defaultConfigurationName = Release;
		};
/* End XCConfigurationList section */

/* Begin XCRemoteSwiftPackageReference section */
		CC9F49042BA823CD0086E6DB /* XCRemoteSwiftPackageReference "LaunchAtLogin-Modern" */ = {
			isa = XCRemoteSwiftPackageReference;
			repositoryURL = "https://github.com/sindresorhus/LaunchAtLogin-Modern";
			requirement = {
				branch = main;
				kind = branch;
			};
		};
/* End XCRemoteSwiftPackageReference section */

/* Begin XCSwiftPackageProductDependency section */
		CC9F49052BA823CD0086E6DB /* LaunchAtLogin */ = {
			isa = XCSwiftPackageProductDependency;
			package = CC9F49042BA823CD0086E6DB /* XCRemoteSwiftPackageReference "LaunchAtLogin-Modern" */;
			productName = LaunchAtLogin;
		};
/* End XCSwiftPackageProductDependency section */
	};
	rootObject = CC9F48E82BA72F440086E6DB /* Project object */;
}
